{
    "_readme": [
        "This file locks the dependencies of your project to a known state",
        "Read more about it at http://getcomposer.org/doc/01-basic-usage.md#composer-lock-the-lock-file",
        "This file is @generated automatically"
    ],
    "hash": "57e6e0d01d39af072f6a4efe5482e6d0",
    "packages": [
        {
            "name": "league/url",
            "version": "3.3.1",
            "source": {
                "type": "git",
                "url": "https://github.com/thephpleague/url.git",
                "reference": "a096be483bec9abcae34f4e21ec74696f7beed55"
            },
            "dist": {
                "type": "zip",
                "url": "https://api.github.com/repos/thephpleague/url/zipball/a096be483bec9abcae34f4e21ec74696f7beed55",
                "reference": "a096be483bec9abcae34f4e21ec74696f7beed55",
                "shasum": ""
            },
            "require": {
                "ext-mbstring": "*",
                "php": ">=5.3.0",
                "true/punycode": "~1.0"
            },
            "require-dev": {
                "phpunit/phpunit": "~4.0"
            },
            "type": "library",
            "extra": {
                "branch-alias": {
                    "dev-master": "3.3-dev"
                }
            },
            "autoload": {
                "psr-4": {
                    "League\\Url\\": "src"
                }
            },
            "notification-url": "https://packagist.org/downloads/",
            "license": [
                "MIT"
            ],
            "authors": [
                {
                    "name": "Ignace Nyamagana Butera",
                    "email": "nyamsprod@gmail.com",
                    "homepage": "https://github.com/nyamsprod/",
                    "role": "Developer"
                }
            ],
            "description": "League/url is a lightweight PHP Url manipulating library",
            "homepage": "http://url.thephpleague.com",
            "keywords": [
                "parse_url",
                "php",
                "url"
            ],
            "time": "2015-03-26 10:07:42"
        },
        {
            "name": "mindweb/config",
            "version": "1.0.2",
            "source": {
                "type": "git",
                "url": "https://github.com/mindwebpl/config.git",
                "reference": "d8af77dd18a52f97cf705529004ee5c86b5451c1"
            },
            "dist": {
                "type": "zip",
                "url": "https://api.github.com/repos/mindwebpl/config/zipball/d8af77dd18a52f97cf705529004ee5c86b5451c1",
                "reference": "d8af77dd18a52f97cf705529004ee5c86b5451c1",
                "shasum": ""
            },
            "type": "library",
            "autoload": {
                "psr-0": {
                    "Mindweb\\Config\\": "src"
                }
            },
            "notification-url": "https://packagist.org/downloads/",
            "license": [
                "MIT"
            ],
            "authors": [
                {
                    "name": "Marcin Czołnowski",
                    "email": "marcin@czolnowski.net"
                }
            ],
            "time": "2015-03-08 20:24:56"
        },
        {
            "name": "mindweb/recognizer",
            "version": "1.0.0",
            "source": {
                "type": "git",
                "url": "https://github.com/mindwebpl/recognizer.git",
                "reference": "f0584848de8b0185b8483b9fb77502e6e0af3c0e"
            },
            "dist": {
                "type": "zip",
                "url": "https://api.github.com/repos/mindwebpl/recognizer/zipball/f0584848de8b0185b8483b9fb77502e6e0af3c0e",
                "reference": "f0584848de8b0185b8483b9fb77502e6e0af3c0e",
                "shasum": ""
            },
            "require": {
                "symfony/event-dispatcher": "~2.3,<2.7",
                "symfony/http-foundation": "~2.3,<2.7"
            },
            "type": "library",
            "autoload": {
                "psr-0": {
                    "Mindweb\\Recognizer\\": "src"
                }
            },
            "notification-url": "https://packagist.org/downloads/",
            "license": [
                "MIT"
            ],
            "authors": [
                {
                    "name": "Marcin Czołnowski",
                    "email": "marcin@czolnowski.net"
                }
            ],
            "time": "2015-03-29 19:34:20"
        },
        {
            "name": "pimple/pimple",
            "version": "v1.1.1",
            "source": {
                "type": "git",
                "url": "https://github.com/silexphp/Pimple.git",
                "reference": "2019c145fe393923f3441b23f29bbdfaa5c58c4d"
            },
            "dist": {
                "type": "zip",
                "url": "https://api.github.com/repos/silexphp/Pimple/zipball/2019c145fe393923f3441b23f29bbdfaa5c58c4d",
                "reference": "2019c145fe393923f3441b23f29bbdfaa5c58c4d",
                "shasum": ""
            },
            "require": {
                "php": ">=5.3.0"
            },
            "type": "library",
            "extra": {
                "branch-alias": {
                    "dev-master": "1.1.x-dev"
                }
            },
            "autoload": {
                "psr-0": {
                    "Pimple": "lib/"
                }
            },
            "notification-url": "https://packagist.org/downloads/",
            "license": [
                "MIT"
            ],
            "authors": [
                {
                    "name": "Fabien Potencier",
                    "email": "fabien@symfony.com"
                }
            ],
            "description": "Pimple is a simple Dependency Injection Container for PHP 5.3",
            "homepage": "http://pimple.sensiolabs.org",
            "keywords": [
                "container",
                "dependency injection"
            ],
            "time": "2013-11-22 08:30:29"
        },
        {
            "name": "symfony/event-dispatcher",
            "version": "v2.6.5",
            "target-dir": "Symfony/Component/EventDispatcher",
            "source": {
                "type": "git",
                "url": "https://github.com/symfony/EventDispatcher.git",
                "reference": "70f7c8478739ad21e3deef0d977b38c77f1fb284"
            },
            "dist": {
                "type": "zip",
                "url": "https://api.github.com/repos/symfony/EventDispatcher/zipball/70f7c8478739ad21e3deef0d977b38c77f1fb284",
                "reference": "70f7c8478739ad21e3deef0d977b38c77f1fb284",
                "shasum": ""
            },
            "require": {
                "php": ">=5.3.3"
            },
            "require-dev": {
                "psr/log": "~1.0",
                "symfony/config": "~2.0,>=2.0.5",
                "symfony/dependency-injection": "~2.6",
                "symfony/expression-language": "~2.6",
                "symfony/phpunit-bridge": "~2.7",
                "symfony/stopwatch": "~2.3"
            },
            "suggest": {
                "symfony/dependency-injection": "",
                "symfony/http-kernel": ""
            },
            "type": "library",
            "extra": {
                "branch-alias": {
                    "dev-master": "2.6-dev"
                }
            },
            "autoload": {
                "psr-0": {
                    "Symfony\\Component\\EventDispatcher\\": ""
                }
            },
            "notification-url": "https://packagist.org/downloads/",
            "license": [
                "MIT"
            ],
            "authors": [
                {
                    "name": "Symfony Community",
                    "homepage": "http://symfony.com/contributors"
                },
                {
                    "name": "Fabien Potencier",
                    "email": "fabien@symfony.com"
                }
            ],
            "description": "Symfony EventDispatcher Component",
            "homepage": "http://symfony.com",
            "time": "2015-03-13 17:37:22"
        },
        {
            "name": "symfony/http-foundation",
            "version": "v2.6.5",
            "target-dir": "Symfony/Component/HttpFoundation",
            "source": {
                "type": "git",
                "url": "https://github.com/symfony/HttpFoundation.git",
                "reference": "d527885e37b55ec0e3dc6f4b70566d0f9b2f2388"
            },
            "dist": {
                "type": "zip",
                "url": "https://api.github.com/repos/symfony/HttpFoundation/zipball/d527885e37b55ec0e3dc6f4b70566d0f9b2f2388",
                "reference": "d527885e37b55ec0e3dc6f4b70566d0f9b2f2388",
                "shasum": ""
            },
            "require": {
                "php": ">=5.3.3"
            },
            "require-dev": {
                "symfony/expression-language": "~2.4",
                "symfony/phpunit-bridge": "~2.7"
            },
            "type": "library",
            "extra": {
                "branch-alias": {
                    "dev-master": "2.6-dev"
                }
            },
            "autoload": {
                "psr-0": {
                    "Symfony\\Component\\HttpFoundation\\": ""
                },
                "classmap": [
                    "Symfony/Component/HttpFoundation/Resources/stubs"
                ]
            },
            "notification-url": "https://packagist.org/downloads/",
            "license": [
                "MIT"
            ],
            "authors": [
                {
                    "name": "Symfony Community",
                    "homepage": "http://symfony.com/contributors"
                },
                {
                    "name": "Fabien Potencier",
                    "email": "fabien@symfony.com"
                }
            ],
            "description": "Symfony HttpFoundation Component",
            "homepage": "http://symfony.com",
            "time": "2015-03-13 17:37:22"
        },
        {
            "name": "true/punycode",
            "version": "1.1.0",
            "source": {
                "type": "git",
                "url": "https://github.com/true/php-punycode.git",
                "reference": "21c0025130b4e2b2d0b7dbe5f86e9e1512507656"
            },
            "dist": {
                "type": "zip",
                "url": "https://api.github.com/repos/true/php-punycode/zipball/21c0025130b4e2b2d0b7dbe5f86e9e1512507656",
                "reference": "21c0025130b4e2b2d0b7dbe5f86e9e1512507656",
                "shasum": ""
            },
            "require": {
                "ext-mbstring": "*",
                "php": ">=5.3.0"
            },
            "require-dev": {
                "phpunit/phpunit": "4.x",
                "satooshi/php-coveralls": "dev-master",
                "squizlabs/php_codesniffer": "~2.0"
            },
            "type": "library",
            "autoload": {
                "psr-4": {
                    "True\\": "src/"
                }
            },
            "notification-url": "https://packagist.org/downloads/",
            "license": [
                "MIT"
            ],
            "authors": [
                {
                    "name": "Renan Gonçalves",
                    "email": "renan.saddam@gmail.com"
                }
            ],
            "description": "A Bootstring encoding of Unicode for Internationalized Domain Names in Applications (IDNA)",
            "homepage": "https://github.com/true/php-punycode",
            "keywords": [
                "idna",
                "punycode"
            ],
            "time": "2015-03-12 16:49:35"
        }
    ],
    "packages-dev": [],
    "aliases": [],
    "minimum-stability": "stable",
    "stability-flags": [],
    "prefer-stable": false,
    "prefer-lowest": false,
    "platform": [],
    "platform-dev": []
}
